
Microsoft Visual Studio Solution File, Format Version 12.00
# Visual Studio Version 17
VisualStudioVersion = 17.10.35122.118
MinimumVisualStudioVersion = 10.0.40219.1
Project("{888888A0-9F3D-457C-B088-3A5042F75D52}") = "PythonPrueba01", "PythonPrueba01\PythonPrueba01.pyproj", "{825CDDF8-9435-420C-8A30-588382394EA2}"
EndProject
Global
	GlobalSection(SolutionConfigurationPlatforms) = preSolution
		Debug|Any CPU = Debug|Any CPU
		Release|Any CPU = Release|Any CPU
	EndGlobalSection
	GlobalSection(ProjectConfigurationPlatforms) = postSolution
		{825CDDF8-9435-420C-8A30-588382394EA2}.Debug|Any CPU.ActiveCfg = Debug|Any CPU
		{825CDDF8-9435-420C-8A30-588382394EA2}.Release|Any CPU.ActiveCfg = Release|Any CPU
	EndGlobalSection
	GlobalSection(SolutionProperties) = preSolution
		HideSolutionNode = FALSE
	EndGlobalSection
	GlobalSection(ExtensibilityGlobals) = postSolution
		SolutionGuid = {94D90163-2DA8-494E-B5B7-3AB0C0FA5300}
	EndGlobalSection
EndGlobal
